// !$*UTF8*$!
{
	archiveVersion = 1;
	classes = {
	};
	objectVersion = 56;
	objects = {

/* Begin PBXBuildFile section */
		552061232B6E9A31005017F9 /* ContentView.swift in Sources */ = {isa = PBXBuildFile; fileRef = 552061222B6E9A31005017F9 /* ContentView.swift */; };
		5520613E2B6F46AF005017F9 /* KanaKanjiConverterModule in Frameworks */ = {isa = PBXBuildFile; productRef = 5520613D2B6F46AF005017F9 /* KanaKanjiConverterModule */; };
		552061432B6FEEE9005017F9 /* WrappingHStack in Frameworks */ = {isa = PBXBuildFile; productRef = 552061422B6FEEE9005017F9 /* WrappingHStack */; };
		B09211132B70CFEE001CD413 /* azooEditor.swift in Sources */ = {isa = PBXBuildFile; fileRef = 552061202B6E9A31005017F9 /* azooEditor.swift */; };
		B0E325672B71F3AB00E57757 /* Preview Assets.xcassets in Resources */ = {isa = PBXBuildFile; fileRef = B099F8092B70E9740081E409 /* Preview Assets.xcassets */; };
		B0E325682B71F3BF00E57757 /* Localizable.xcstrings in Resources */ = {isa = PBXBuildFile; fileRef = 5520613F2B6F61C0005017F9 /* Localizable.xcstrings */; };
		B0E325692B71F3C600E57757 /* Assets.xcassets in Resources */ = {isa = PBXBuildFile; fileRef = 552061242B6E9A35005017F9 /* Assets.xcassets */; };
		B0E32DCA2B71F49200E57757 /* Dictionary in Resources */ = {isa = PBXBuildFile; fileRef = B0E32DC92B71F49200E57757 /* Dictionary */; };
/* End PBXBuildFile section */

/* Begin PBXFileReference section */
		552061192B6E9A31005017F9 /* azooEditor.app */ = {isa = PBXFileReference; explicitFileType = wrapper.application; includeInIndex = 0; path = azooEditor.app; sourceTree = BUILT_PRODUCTS_DIR; };
		552061202B6E9A31005017F9 /* azooEditor.swift */ = {isa = PBXFileReference; lastKnownFileType = sourcecode.swift; path = azooEditor.swift; sourceTree = "<group>"; };
		552061222B6E9A31005017F9 /* ContentView.swift */ = {isa = PBXFileReference; lastKnownFileType = sourcecode.swift; path = ContentView.swift; sourceTree = "<group>"; };
		552061242B6E9A35005017F9 /* Assets.xcassets */ = {isa = PBXFileReference; lastKnownFileType = folder.assetcatalog; path = Assets.xcassets; sourceTree = "<group>"; };
		552061292B6E9A35005017F9 /* Info.plist */ = {isa = PBXFileReference; lastKnownFileType = text.plist.xml; path = Info.plist; sourceTree = "<group>"; };
		5520613F2B6F61C0005017F9 /* Localizable.xcstrings */ = {isa = PBXFileReference; lastKnownFileType = text.json.xcstrings; path = Localizable.xcstrings; sourceTree = "<group>"; };
		B099F8092B70E9740081E409 /* Preview Assets.xcassets */ = {isa = PBXFileReference; lastKnownFileType = folder.assetcatalog; path = "Preview Assets.xcassets"; sourceTree = "<group>"; };
		B0E32DC92B71F49200E57757 /* Dictionary */ = {isa = PBXFileReference; lastKnownFileType = folder; path = Dictionary; sourceTree = "<group>"; };
/* End PBXFileReference section */

/* Begin PBXFrameworksBuildPhase section */
		552061162B6E9A31005017F9 /* Frameworks */ = {
			isa = PBXFrameworksBuildPhase;
			buildActionMask = 2147483647;
			files = (
				552061432B6FEEE9005017F9 /* WrappingHStack in Frameworks */,
				5520613E2B6F46AF005017F9 /* KanaKanjiConverterModule in Frameworks */,
			);
			runOnlyForDeploymentPostprocessing = 0;
		};
/* End PBXFrameworksBuildPhase section */

/* Begin PBXGroup section */
		552061102B6E9A31005017F9 = {
			isa = PBXGroup;
			children = (
				5520611B2B6E9A31005017F9 /* azooEditor */,
				5520611A2B6E9A31005017F9 /* Products */,
				552061342B6EA387005017F9 /* Frameworks */,
			);
			sourceTree = "<group>";
		};
		5520611A2B6E9A31005017F9 /* Products */ = {
			isa = PBXGroup;
			children = (
				552061192B6E9A31005017F9 /* azooEditor.app */,
			);
			name = Products;
			sourceTree = "<group>";
		};
		5520611B2B6E9A31005017F9 /* azooEditor */ = {
			isa = PBXGroup;
			children = (
				552061202B6E9A31005017F9 /* azooEditor.swift */,
				552061222B6E9A31005017F9 /* ContentView.swift */,
				552061372B6EA5DE005017F9 /* Resources */,
				552061242B6E9A35005017F9 /* Assets.xcassets */,
				552061292B6E9A35005017F9 /* Info.plist */,
				B099F8082B70E9740081E409 /* Preview Content */,
			);
			path = azooEditor;
			sourceTree = "<group>";
		};
		552061342B6EA387005017F9 /* Frameworks */ = {
			isa = PBXGroup;
			children = (
			);
			name = Frameworks;
			sourceTree = "<group>";
		};
		552061372B6EA5DE005017F9 /* Resources */ = {
			isa = PBXGroup;
			children = (
				5520613F2B6F61C0005017F9 /* Localizable.xcstrings */,
				B0E32DC92B71F49200E57757 /* Dictionary */,
			);
			path = Resources;
			sourceTree = "<group>";
		};
		B099F8082B70E9740081E409 /* Preview Content */ = {
			isa = PBXGroup;
			children = (
				B099F8092B70E9740081E409 /* Preview Assets.xcassets */,
			);
			name = "Preview Content";
			path = "../../azooKey.tmp/azooEditor/Preview Content";
			sourceTree = "<group>";
		};
/* End PBXGroup section */

/* Begin PBXNativeTarget section */
		552061182B6E9A31005017F9 /* azooEditor */ = {
			isa = PBXNativeTarget;
			buildConfigurationList = 5520612C2B6E9A35005017F9 /* Build configuration list for PBXNativeTarget "azooEditor" */;
			buildPhases = (
				552061152B6E9A31005017F9 /* Sources */,
				552061162B6E9A31005017F9 /* Frameworks */,
				B0E325662B71F39C00E57757 /* Resources */,
			);
			buildRules = (
			);
			dependencies = (
			);
			name = azooEditor;
			packageProductDependencies = (
				5520613D2B6F46AF005017F9 /* KanaKanjiConverterModule */,
				552061422B6FEEE9005017F9 /* WrappingHStack */,
			);
			productName = azooKeyTmp;
			productReference = 552061192B6E9A31005017F9 /* azooEditor.app */;
			productType = "com.apple.product-type.application";
		};
/* End PBXNativeTarget section */

/* Begin PBXProject section */
		552061112B6E9A31005017F9 /* Project object */ = {
			isa = PBXProject;
			attributes = {
				BuildIndependentTargetsInParallel = 1;
				LastSwiftUpdateCheck = 1520;
				LastUpgradeCheck = 1520;
				TargetAttributes = {
					552061182B6E9A31005017F9 = {
						CreatedOnToolsVersion = 15.2;
					};
				};
			};
			buildConfigurationList = 552061142B6E9A31005017F9 /* Build configuration list for PBXProject "azooEditor" */;
			compatibilityVersion = "Xcode 14.0";
			developmentRegion = en;
			hasScannedForEncodings = 0;
			knownRegions = (
				en,
				Base,
				ja,
			);
			mainGroup = 552061102B6E9A31005017F9;
			packageReferences = (
				5520613C2B6F45FB005017F9 /* XCRemoteSwiftPackageReference "AzooKeyKanaKanjiConverter" */,
				552061412B6FEEE9005017F9 /* XCRemoteSwiftPackageReference "WrappingHStack" */,
			);
			productRefGroup = 5520611A2B6E9A31005017F9 /* Products */;
			projectDirPath = "";
			projectRoot = "";
			targets = (
				552061182B6E9A31005017F9 /* azooEditor */,
			);
		};
/* End PBXProject section */

/* Begin PBXResourcesBuildPhase section */
		B0E325662B71F39C00E57757 /* Resources */ = {
			isa = PBXResourcesBuildPhase;
			buildActionMask = 2147483647;
			files = (
				B0E32DCA2B71F49200E57757 /* Dictionary in Resources */,
				B0E325692B71F3C600E57757 /* Assets.xcassets in Resources */,
				B0E325682B71F3BF00E57757 /* Localizable.xcstrings in Resources */,
				B0E325672B71F3AB00E57757 /* Preview Assets.xcassets in Resources */,
			);
			runOnlyForDeploymentPostprocessing = 0;
		};
/* End PBXResourcesBuildPhase section */

/* Begin PBXSourcesBuildPhase section */
		552061152B6E9A31005017F9 /* Sources */ = {
			isa = PBXSourcesBuildPhase;
			buildActionMask = 2147483647;
			files = (
				B09211132B70CFEE001CD413 /* azooEditor.swift in Sources */,
				552061232B6E9A31005017F9 /* ContentView.swift in Sources */,
			);
			runOnlyForDeploymentPostprocessing = 0;
		};
/* End PBXSourcesBuildPhase section */

/* Begin XCBuildConfiguration section */
		5520612A2B6E9A35005017F9 /* Debug */ = {
			isa = XCBuildConfiguration;
			buildSettings = {
				ALWAYS_SEARCH_USER_PATHS = NO;
				ASSETCATALOG_COMPILER_GENERATE_SWIFT_ASSET_SYMBOL_EXTENSIONS = YES;
				CLANG_ANALYZER_NONNULL = YES;
				CLANG_ANALYZER_NUMBER_OBJECT_CONVERSION = YES_AGGRESSIVE;
				CLANG_CXX_LANGUAGE_STANDARD = "gnu++20";
				CLANG_ENABLE_MODULES = YES;
				CLANG_ENABLE_OBJC_ARC = YES;
				CLANG_ENABLE_OBJC_WEAK = YES;
				CLANG_WARN_BLOCK_CAPTURE_AUTORELEASING = YES;
				CLANG_WARN_BOOL_CONVERSION = YES;
				CLANG_WARN_COMMA = YES;
				CLANG_WARN_CONSTANT_CONVERSION = YES;
				CLANG_WARN_DEPRECATED_OBJC_IMPLEMENTATIONS = YES;
				CLANG_WARN_DIRECT_OBJC_ISA_USAGE = YES_ERROR;
				CLANG_WARN_DOCUMENTATION_COMMENTS = YES;
				CLANG_WARN_EMPTY_BODY = YES;
				CLANG_WARN_ENUM_CONVERSION = YES;
				CLANG_WARN_INFINITE_RECURSION = YES;
				CLANG_WARN_INT_CONVERSION = YES;
				CLANG_WARN_NON_LITERAL_NULL_CONVERSION = YES;
				CLANG_WARN_OBJC_IMPLICIT_RETAIN_SELF = YES;
				CLANG_WARN_OBJC_LITERAL_CONVERSION = YES;
				CLANG_WARN_OBJC_ROOT_CLASS = YES_ERROR;
				CLANG_WARN_QUOTED_INCLUDE_IN_FRAMEWORK_HEADER = YES;
				CLANG_WARN_RANGE_LOOP_ANALYSIS = YES;
				CLANG_WARN_STRICT_PROTOTYPES = YES;
				CLANG_WARN_SUSPICIOUS_MOVE = YES;
				CLANG_WARN_UNGUARDED_AVAILABILITY = YES_AGGRESSIVE;
				CLANG_WARN_UNREACHABLE_CODE = YES;
				CLANG_WARN__DUPLICATE_METHOD_MATCH = YES;
				COPY_PHASE_STRIP = NO;
				DEBUG_INFORMATION_FORMAT = dwarf;
				ENABLE_STRICT_OBJC_MSGSEND = YES;
				ENABLE_TESTABILITY = YES;
				ENABLE_USER_SCRIPT_SANDBOXING = YES;
				GCC_C_LANGUAGE_STANDARD = gnu17;
				GCC_DYNAMIC_NO_PIC = NO;
				GCC_NO_COMMON_BLOCKS = YES;
				GCC_OPTIMIZATION_LEVEL = 0;
				GCC_PREPROCESSOR_DEFINITIONS = (
					"DEBUG=1",
					"$(inherited)",
				);
				GCC_WARN_64_TO_32_BIT_CONVERSION = YES;
				GCC_WARN_ABOUT_RETURN_TYPE = YES_ERROR;
				GCC_WARN_UNDECLARED_SELECTOR = YES;
				GCC_WARN_UNINITIALIZED_AUTOS = YES_AGGRESSIVE;
				GCC_WARN_UNUSED_FUNCTION = YES;
				GCC_WARN_UNUSED_VARIABLE = YES;
				LOCALIZATION_PREFERS_STRING_CATALOGS = YES;
				MTL_ENABLE_DEBUG_INFO = INCLUDE_SOURCE;
				MTL_FAST_MATH = YES;
				ONLY_ACTIVE_ARCH = YES;
				SDKROOT = xros;
				SWIFT_ACTIVE_COMPILATION_CONDITIONS = "DEBUG $(inherited)";
				SWIFT_OPTIMIZATION_LEVEL = "-Onone";
				XROS_DEPLOYMENT_TARGET = 1.0;
			};
			name = Debug;
		};
		5520612B2B6E9A35005017F9 /* Release */ = {
			isa = XCBuildConfiguration;
			buildSettings = {
				ALWAYS_SEARCH_USER_PATHS = NO;
				ASSETCATALOG_COMPILER_GENERATE_SWIFT_ASSET_SYMBOL_EXTENSIONS = YES;
				CLANG_ANALYZER_NONNULL = YES;
				CLANG_ANALYZER_NUMBER_OBJECT_CONVERSION = YES_AGGRESSIVE;
				CLANG_CXX_LANGUAGE_STANDARD = "gnu++20";
				CLANG_ENABLE_MODULES = YES;
				CLANG_ENABLE_OBJC_ARC = YES;
				CLANG_ENABLE_OBJC_WEAK = YES;
				CLANG_WARN_BLOCK_CAPTURE_AUTORELEASING = YES;
				CLANG_WARN_BOOL_CONVERSION = YES;
				CLANG_WARN_COMMA = YES;
				CLANG_WARN_CONSTANT_CONVERSION = YES;
				CLANG_WARN_DEPRECATED_OBJC_IMPLEMENTATIONS = YES;
				CLANG_WARN_DIRECT_OBJC_ISA_USAGE = YES_ERROR;
				CLANG_WARN_DOCUMENTATION_COMMENTS = YES;
				CLANG_WARN_EMPTY_BODY = YES;
				CLANG_WARN_ENUM_CONVERSION = YES;
				CLANG_WARN_INFINITE_RECURSION = YES;
				CLANG_WARN_INT_CONVERSION = YES;
				CLANG_WARN_NON_LITERAL_NULL_CONVERSION = YES;
				CLANG_WARN_OBJC_IMPLICIT_RETAIN_SELF = YES;
				CLANG_WARN_OBJC_LITERAL_CONVERSION = YES;
				CLANG_WARN_OBJC_ROOT_CLASS = YES_ERROR;
				CLANG_WARN_QUOTED_INCLUDE_IN_FRAMEWORK_HEADER = YES;
				CLANG_WARN_RANGE_LOOP_ANALYSIS = YES;
				CLANG_WARN_STRICT_PROTOTYPES = YES;
				CLANG_WARN_SUSPICIOUS_MOVE = YES;
				CLANG_WARN_UNGUARDED_AVAILABILITY = YES_AGGRESSIVE;
				CLANG_WARN_UNREACHABLE_CODE = YES;
				CLANG_WARN__DUPLICATE_METHOD_MATCH = YES;
				COPY_PHASE_STRIP = NO;
				DEBUG_INFORMATION_FORMAT = "dwarf-with-dsym";
				ENABLE_NS_ASSERTIONS = NO;
				ENABLE_STRICT_OBJC_MSGSEND = YES;
				ENABLE_USER_SCRIPT_SANDBOXING = YES;
				GCC_C_LANGUAGE_STANDARD = gnu17;
				GCC_NO_COMMON_BLOCKS = YES;
				GCC_WARN_64_TO_32_BIT_CONVERSION = YES;
				GCC_WARN_ABOUT_RETURN_TYPE = YES_ERROR;
				GCC_WARN_UNDECLARED_SELECTOR = YES;
				GCC_WARN_UNINITIALIZED_AUTOS = YES_AGGRESSIVE;
				GCC_WARN_UNUSED_FUNCTION = YES;
				GCC_WARN_UNUSED_VARIABLE = YES;
				LOCALIZATION_PREFERS_STRING_CATALOGS = YES;
				MTL_ENABLE_DEBUG_INFO = NO;
				MTL_FAST_MATH = YES;
				SDKROOT = xros;
				SWIFT_COMPILATION_MODE = wholemodule;
				VALIDATE_PRODUCT = YES;
				XROS_DEPLOYMENT_TARGET = 1.0;
			};
			name = Release;
		};
		5520612D2B6E9A35005017F9 /* Debug */ = {
			isa = XCBuildConfiguration;
			buildSettings = {
				ASSETCATALOG_COMPILER_APPICON_NAME = AppIcon;
				ASSETCATALOG_COMPILER_GLOBAL_ACCENT_COLOR_NAME = AccentColor;
				CODE_SIGN_STYLE = Automatic;
				CURRENT_PROJECT_VERSION = 1;
				DEVELOPMENT_TEAM = CW97U5J24N;
				ENABLE_PREVIEWS = YES;
				GENERATE_INFOPLIST_FILE = YES;
				INFOPLIST_FILE = "$(TARGET_NAME)/Info.plist";
				INFOPLIST_KEY_CFBundleDisplayName = azooEditor;
				INFOPLIST_KEY_LSApplicationCategoryType = "public.app-category.utilities";
				LD_RUNPATH_SEARCH_PATHS = (
					"$(inherited)",
					"@executable_path/Frameworks",
				);
				MARKETING_VERSION = 1.0;
				PRODUCT_BUNDLE_IDENTIFIER = com.azooEditor;
				PRODUCT_NAME = "$(TARGET_NAME)";
				SUPPORTED_PLATFORMS = "xros xrsimulator";
				SWIFT_EMIT_LOC_STRINGS = YES;
				SWIFT_VERSION = 5.0;
				TARGETED_DEVICE_FAMILY = "1,2,7";
			};
			name = Debug;
		};
		5520612E2B6E9A35005017F9 /* Release */ = {
			isa = XCBuildConfiguration;
			buildSettings = {
				ASSETCATALOG_COMPILER_APPICON_NAME = AppIcon;
				ASSETCATALOG_COMPILER_GLOBAL_ACCENT_COLOR_NAME = AccentColor;
				CODE_SIGN_STYLE = Automatic;
				CURRENT_PROJECT_VERSION = 1;
				DEVELOPMENT_TEAM = CW97U5J24N;
				ENABLE_PREVIEWS = YES;
				GCC_OPTIMIZATION_LEVEL = fast;
				GENERATE_INFOPLIST_FILE = YES;
				INFOPLIST_FILE = "$(TARGET_NAME)/Info.plist";
				INFOPLIST_KEY_CFBundleDisplayName = azooEditor;
				INFOPLIST_KEY_LSApplicationCategoryType = "public.app-category.utilities";
				LD_RUNPATH_SEARCH_PATHS = (
					"$(inherited)",
					"@executable_path/Frameworks",
				);
				MARKETING_VERSION = 1.0;
				PRODUCT_BUNDLE_IDENTIFIER = com.azooEditor;
				PRODUCT_NAME = "$(TARGET_NAME)";
				SUPPORTED_PLATFORMS = "xros xrsimulator";
				SWIFT_EMIT_LOC_STRINGS = YES;
				SWIFT_VERSION = 5.0;
				TARGETED_DEVICE_FAMILY = "1,2,7";
			};
			name = Release;
		};
/* End XCBuildConfiguration section */

/* Begin XCConfigurationList section */
		552061142B6E9A31005017F9 /* Build configuration list for PBXProject "azooEditor" */ = {
			isa = XCConfigurationList;
			buildConfigurations = (
				5520612A2B6E9A35005017F9 /* Debug */,
				5520612B2B6E9A35005017F9 /* Release */,
			);
			defaultConfigurationIsVisible = 0;
			defaultConfigurationName = Release;
		};
		5520612C2B6E9A35005017F9 /* Build configuration list for PBXNativeTarget "azooEditor" */ = {
			isa = XCConfigurationList;
			buildConfigurations = (
				5520612D2B6E9A35005017F9 /* Debug */,
				5520612E2B6E9A35005017F9 /* Release */,
			);
			defaultConfigurationIsVisible = 0;
			defaultConfigurationName = Release;
		};
/* End XCConfigurationList section */

/* Begin XCRemoteSwiftPackageReference section */
		5520613C2B6F45FB005017F9 /* XCRemoteSwiftPackageReference "AzooKeyKanaKanjiConverter" */ = {
			isa = XCRemoteSwiftPackageReference;
			repositoryURL = "https://github.com/ensan-hcl/AzooKeyKanaKanjiConverter";
			requirement = {
				kind = upToNextMinorVersion;
				minimumVersion = 0.4.0;
			};
		};
		552061412B6FEEE9005017F9 /* XCRemoteSwiftPackageReference "WrappingHStack" */ = {
			isa = XCRemoteSwiftPackageReference;
			repositoryURL = "https://github.com/ksemianov/WrappingHStack";
			requirement = {
				kind = upToNextMinorVersion;
				minimumVersion = 0.2.0;
			};
		};
/* End XCRemoteSwiftPackageReference section */

/* Begin XCSwiftPackageProductDependency section */
		5520613D2B6F46AF005017F9 /* KanaKanjiConverterModule */ = {
			isa = XCSwiftPackageProductDependency;
			package = 5520613C2B6F45FB005017F9 /* XCRemoteSwiftPackageReference "AzooKeyKanaKanjiConverter" */;
			productName = KanaKanjiConverterModule;
		};
		552061422B6FEEE9005017F9 /* WrappingHStack */ = {
			isa = XCSwiftPackageProductDependency;
			package = 552061412B6FEEE9005017F9 /* XCRemoteSwiftPackageReference "WrappingHStack" */;
			productName = WrappingHStack;
		};
/* End XCSwiftPackageProductDependency section */
	};
	rootObject = 552061112B6E9A31005017F9 /* Project object */;
}
